// !$*UTF8*$!
{
	archiveVersion = 1;
	classes = {
	};
	objectVersion = 46;
	objects = {

/* Begin PBXBuildFile section */
		797D7A051A33A88000FC9C93 /* main.c in Sources */ = {isa = PBXBuildFile; fileRef = 797D7A041A33A88000FC9C93 /* main.c */; };
		797D7A131A33A98B00FC9C93 /* main.c in Sources */ = {isa = PBXBuildFile; fileRef = 797D7A121A33A98B00FC9C93 /* main.c */; };
		797D7A191A33A9AB00FC9C93 /* commit.c in Sources */ = {isa = PBXBuildFile; fileRef = 797D7A181A33A9AB00FC9C93 /* commit.c */; };
		797D7A2D1A35E1A200FC9C93 /* node.c in Sources */ = {isa = PBXBuildFile; fileRef = 797D7A0A1A33A8B500FC9C93 /* node.c */; };
		797D7A421A392FBB00FC9C93 /* main.c in Sources */ = {isa = PBXBuildFile; fileRef = 797D7A411A392FBB00FC9C93 /* main.c */; };
		797D7A4D1A394C4300FC9C93 /* main.c in Sources */ = {isa = PBXBuildFile; fileRef = 797D7A4C1A394C4300FC9C93 /* main.c */; };
		79A5C5831A39B73800CCF748 /* pointer_main.c in Sources */ = {isa = PBXBuildFile; fileRef = 797D7A511A3980D600FC9C93 /* pointer_main.c */; };
/* End PBXBuildFile section */

/* Begin PBXCopyFilesBuildPhase section */
		797D7A001A33A88000FC9C93 /* CopyFiles */ = {
			isa = PBXCopyFilesBuildPhase;
			buildActionMask = 2147483647;
			dstPath = /usr/share/man/man1/;
			dstSubfolderSpec = 0;
			files = (
			);
			runOnlyForDeploymentPostprocessing = 1;
		};
		797D7A0E1A33A98B00FC9C93 /* CopyFiles */ = {
			isa = PBXCopyFilesBuildPhase;
			buildActionMask = 2147483647;
			dstPath = /usr/share/man/man1/;
			dstSubfolderSpec = 0;
			files = (
			);
			runOnlyForDeploymentPostprocessing = 1;
		};
		797D7A321A3882C100FC9C93 /* CopyFiles */ = {
			isa = PBXCopyFilesBuildPhase;
			buildActionMask = 2147483647;
			dstPath = /usr/share/man/man1/;
			dstSubfolderSpec = 0;
			files = (
			);
			runOnlyForDeploymentPostprocessing = 1;
		};
		797D7A3D1A392FBB00FC9C93 /* CopyFiles */ = {
			isa = PBXCopyFilesBuildPhase;
			buildActionMask = 2147483647;
			dstPath = /usr/share/man/man1/;
			dstSubfolderSpec = 0;
			files = (
			);
			runOnlyForDeploymentPostprocessing = 1;
		};
		797D7A481A394C4300FC9C93 /* CopyFiles */ = {
			isa = PBXCopyFilesBuildPhase;
			buildActionMask = 2147483647;
			dstPath = /usr/share/man/man1/;
			dstSubfolderSpec = 0;
			files = (
			);
			runOnlyForDeploymentPostprocessing = 1;
		};
/* End PBXCopyFilesBuildPhase section */

/* Begin PBXFileReference section */
		797D7A021A33A88000FC9C93 /* DataStructure-C */ = {isa = PBXFileReference; explicitFileType = "compiled.mach-o.executable"; includeInIndex = 0; path = "DataStructure-C"; sourceTree = BUILT_PRODUCTS_DIR; };
		797D7A041A33A88000FC9C93 /* main.c */ = {isa = PBXFileReference; lastKnownFileType = sourcecode.c.c; path = main.c; sourceTree = "<group>"; };
		797D7A091A33A89400FC9C93 /* node.h */ = {isa = PBXFileReference; fileEncoding = 4; lastKnownFileType = sourcecode.c.h; path = node.h; sourceTree = "<group>"; };
		797D7A0A1A33A8B500FC9C93 /* node.c */ = {isa = PBXFileReference; fileEncoding = 4; lastKnownFileType = sourcecode.c.c; path = node.c; sourceTree = "<group>"; };
		797D7A101A33A98B00FC9C93 /* CommitStructure-C */ = {isa = PBXFileReference; explicitFileType = "compiled.mach-o.executable"; includeInIndex = 0; path = "CommitStructure-C"; sourceTree = BUILT_PRODUCTS_DIR; };
		797D7A121A33A98B00FC9C93 /* main.c */ = {isa = PBXFileReference; lastKnownFileType = sourcecode.c.c; path = main.c; sourceTree = "<group>"; };
		797D7A171A33A9A200FC9C93 /* commit.h */ = {isa = PBXFileReference; fileEncoding = 4; lastKnownFileType = sourcecode.c.h; path = commit.h; sourceTree = "<group>"; };
		797D7A181A33A9AB00FC9C93 /* commit.c */ = {isa = PBXFileReference; fileEncoding = 4; lastKnownFileType = sourcecode.c.c; path = commit.c; sourceTree = "<group>"; };
		797D7A341A3882C100FC9C93 /* Lecture#02 */ = {isa = PBXFileReference; explicitFileType = "compiled.mach-o.executable"; includeInIndex = 0; path = "Lecture#02"; sourceTree = BUILT_PRODUCTS_DIR; };
		797D7A3F1A392FBB00FC9C93 /* Fibonacci-C */ = {isa = PBXFileReference; explicitFileType = "compiled.mach-o.executable"; includeInIndex = 0; path = "Fibonacci-C"; sourceTree = BUILT_PRODUCTS_DIR; };
		797D7A411A392FBB00FC9C93 /* main.c */ = {isa = PBXFileReference; lastKnownFileType = sourcecode.c.c; path = main.c; sourceTree = "<group>"; };
		797D7A4A1A394C4300FC9C93 /* BinaryNumber-C */ = {isa = PBXFileReference; explicitFileType = "compiled.mach-o.executable"; includeInIndex = 0; path = "BinaryNumber-C"; sourceTree = BUILT_PRODUCTS_DIR; };
		797D7A4C1A394C4300FC9C93 /* main.c */ = {isa = PBXFileReference; lastKnownFileType = sourcecode.c.c; path = main.c; sourceTree = "<group>"; };
		797D7A511A3980D600FC9C93 /* pointer_main.c */ = {isa = PBXFileReference; fileEncoding = 4; lastKnownFileType = sourcecode.c.c; path = pointer_main.c; sourceTree = "<group>"; };
		797D7A531A3980F100FC9C93 /* common.h */ = {isa = PBXFileReference; fileEncoding = 4; lastKnownFileType = sourcecode.c.h; path = common.h; sourceTree = "<group>"; };
		797D7A541A39812400FC9C93 /* typedef_main.c */ = {isa = PBXFileReference; fileEncoding = 4; lastKnownFileType = sourcecode.c.c; path = typedef_main.c; sourceTree = "<group>"; };
		797D7A561A39812F00FC9C93 /* struct_main.c */ = {isa = PBXFileReference; fileEncoding = 4; lastKnownFileType = sourcecode.c.c; path = struct_main.c; sourceTree = "<group>"; };
		797D7A581A39815300FC9C93 /* struct_pointer_main.c */ = {isa = PBXFileReference; fileEncoding = 4; lastKnownFileType = sourcecode.c.c; path = struct_pointer_main.c; sourceTree = "<group>"; };
		797D7A5A1A39816500FC9C93 /* memory_main.c */ = {isa = PBXFileReference; fileEncoding = 4; lastKnownFileType = sourcecode.c.c; path = memory_main.c; sourceTree = "<group>"; };
/* End PBXFileReference section */

/* Begin PBXFrameworksBuildPhase section */
		797D79FF1A33A88000FC9C93 /* Frameworks */ = {
			isa = PBXFrameworksBuildPhase;
			buildActionMask = 2147483647;
			files = (
			);
			runOnlyForDeploymentPostprocessing = 0;
		};
		797D7A0D1A33A98B00FC9C93 /* Frameworks */ = {
			isa = PBXFrameworksBuildPhase;
			buildActionMask = 2147483647;
			files = (
			);
			runOnlyForDeploymentPostprocessing = 0;
		};
		797D7A311A3882C100FC9C93 /* Frameworks */ = {
			isa = PBXFrameworksBuildPhase;
			buildActionMask = 2147483647;
			files = (
			);
			runOnlyForDeploymentPostprocessing = 0;
		};
		797D7A3C1A392FBB00FC9C93 /* Frameworks */ = {
			isa = PBXFrameworksBuildPhase;
			buildActionMask = 2147483647;
			files = (
			);
			runOnlyForDeploymentPostprocessing = 0;
		};
		797D7A471A394C4300FC9C93 /* Frameworks */ = {
			isa = PBXFrameworksBuildPhase;
			buildActionMask = 2147483647;
			files = (
			);
			runOnlyForDeploymentPostprocessing = 0;
		};
/* End PBXFrameworksBuildPhase section */

/* Begin PBXGroup section */
		797D798A1A322E4100FC9C93 = {
			isa = PBXGroup;
			children = (
				797D7A351A3882C100FC9C93 /* Lecture#02 */,
				797D7A031A33A88000FC9C93 /* DataStructure-C */,
				797D7A111A33A98B00FC9C93 /* CommitStructure-C */,
				797D7A401A392FBB00FC9C93 /* Fibonacci-C */,
				797D7A4B1A394C4300FC9C93 /* BinaryNumber-C */,
				797D79961A322E5B00FC9C93 /* Products */,
			);
			sourceTree = "<group>";
		};
		797D79961A322E5B00FC9C93 /* Products */ = {
			isa = PBXGroup;
			children = (
				797D7A021A33A88000FC9C93 /* DataStructure-C */,
				797D7A101A33A98B00FC9C93 /* CommitStructure-C */,
				797D7A341A3882C100FC9C93 /* Lecture#02 */,
				797D7A3F1A392FBB00FC9C93 /* Fibonacci-C */,
				797D7A4A1A394C4300FC9C93 /* BinaryNumber-C */,
			);
			name = Products;
			sourceTree = "<group>";
		};
		797D7A031A33A88000FC9C93 /* DataStructure-C */ = {
			isa = PBXGroup;
			children = (
				797D7A041A33A88000FC9C93 /* main.c */,
				797D7A091A33A89400FC9C93 /* node.h */,
				797D7A0A1A33A8B500FC9C93 /* node.c */,
			);
			path = "DataStructure-C";
			sourceTree = "<group>";
		};
		797D7A111A33A98B00FC9C93 /* CommitStructure-C */ = {
			isa = PBXGroup;
			children = (
				797D7A121A33A98B00FC9C93 /* main.c */,
				797D7A171A33A9A200FC9C93 /* commit.h */,
				797D7A181A33A9AB00FC9C93 /* commit.c */,
			);
			path = "CommitStructure-C";
			sourceTree = "<group>";
		};
		797D7A351A3882C100FC9C93 /* Lecture#02 */ = {
			isa = PBXGroup;
			children = (
				797D7A531A3980F100FC9C93 /* common.h */,
				797D7A511A3980D600FC9C93 /* pointer_main.c */,
				797D7A541A39812400FC9C93 /* typedef_main.c */,
				797D7A561A39812F00FC9C93 /* struct_main.c */,
				797D7A581A39815300FC9C93 /* struct_pointer_main.c */,
				797D7A5A1A39816500FC9C93 /* memory_main.c */,
			);
			path = "Lecture#02";
			sourceTree = "<group>";
		};
		797D7A401A392FBB00FC9C93 /* Fibonacci-C */ = {
			isa = PBXGroup;
			children = (
				797D7A411A392FBB00FC9C93 /* main.c */,
			);
			path = "Fibonacci-C";
			sourceTree = "<group>";
		};
		797D7A4B1A394C4300FC9C93 /* BinaryNumber-C */ = {
			isa = PBXGroup;
			children = (
				797D7A4C1A394C4300FC9C93 /* main.c */,
			);
			path = "BinaryNumber-C";
			sourceTree = "<group>";
		};
/* End PBXGroup section */

/* Begin PBXNativeTarget section */
		797D7A011A33A88000FC9C93 /* DataStructure-C */ = {
			isa = PBXNativeTarget;
			buildConfigurationList = 797D7A081A33A88000FC9C93 /* Build configuration list for PBXNativeTarget "DataStructure-C" */;
			buildPhases = (
				797D79FE1A33A88000FC9C93 /* Sources */,
				797D79FF1A33A88000FC9C93 /* Frameworks */,
				797D7A001A33A88000FC9C93 /* CopyFiles */,
			);
			buildRules = (
			);
			dependencies = (
			);
			name = "DataStructure-C";
			productName = "DataStructure-C";
			productReference = 797D7A021A33A88000FC9C93 /* DataStructure-C */;
			productType = "com.apple.product-type.tool";
		};
		797D7A0F1A33A98B00FC9C93 /* CommitStructure-C */ = {
			isa = PBXNativeTarget;
			buildConfigurationList = 797D7A141A33A98B00FC9C93 /* Build configuration list for PBXNativeTarget "CommitStructure-C" */;
			buildPhases = (
				797D7A0C1A33A98B00FC9C93 /* Sources */,
				797D7A0D1A33A98B00FC9C93 /* Frameworks */,
				797D7A0E1A33A98B00FC9C93 /* CopyFiles */,
			);
			buildRules = (
			);
			dependencies = (
			);
			name = "CommitStructure-C";
			productName = "CommitStructure-C";
			productReference = 797D7A101A33A98B00FC9C93 /* CommitStructure-C */;
			productType = "com.apple.product-type.tool";
		};
		797D7A331A3882C100FC9C93 /* Lecture#02 */ = {
			isa = PBXNativeTarget;
			buildConfigurationList = 797D7A381A3882C100FC9C93 /* Build configuration list for PBXNativeTarget "Lecture#02" */;
			buildPhases = (
				797D7A301A3882C100FC9C93 /* Sources */,
				797D7A311A3882C100FC9C93 /* Frameworks */,
				797D7A321A3882C100FC9C93 /* CopyFiles */,
			);
			buildRules = (
			);
			dependencies = (
			);
			name = "Lecture#02";
			productName = "Lecture#02";
			productReference = 797D7A341A3882C100FC9C93 /* Lecture#02 */;
			productType = "com.apple.product-type.tool";
		};
		797D7A3E1A392FBB00FC9C93 /* Fibonacci-C */ = {
			isa = PBXNativeTarget;
			buildConfigurationList = 797D7A431A392FBB00FC9C93 /* Build configuration list for PBXNativeTarget "Fibonacci-C" */;
			buildPhases = (
				797D7A3B1A392FBB00FC9C93 /* Sources */,
				797D7A3C1A392FBB00FC9C93 /* Frameworks */,
				797D7A3D1A392FBB00FC9C93 /* CopyFiles */,
			);
			buildRules = (
			);
			dependencies = (
			);
			name = "Fibonacci-C";
			productName = "Fibonacci-C";
			productReference = 797D7A3F1A392FBB00FC9C93 /* Fibonacci-C */;
			productType = "com.apple.product-type.tool";
		};
		797D7A491A394C4300FC9C93 /* BinaryNumber-C */ = {
			isa = PBXNativeTarget;
			buildConfigurationList = 797D7A4E1A394C4300FC9C93 /* Build configuration list for PBXNativeTarget "BinaryNumber-C" */;
			buildPhases = (
				797D7A461A394C4300FC9C93 /* Sources */,
				797D7A471A394C4300FC9C93 /* Frameworks */,
				797D7A481A394C4300FC9C93 /* CopyFiles */,
			);
			buildRules = (
			);
			dependencies = (
			);
			name = "BinaryNumber-C";
			productName = "BinaryNumber-C";
			productReference = 797D7A4A1A394C4300FC9C93 /* BinaryNumber-C */;
			productType = "com.apple.product-type.tool";
		};
/* End PBXNativeTarget section */

/* Begin PBXProject section */
		797D798B1A322E4100FC9C93 /* Project object */ = {
			isa = PBXProject;
			attributes = {
				LastUpgradeCheck = 0610;
				ORGANIZATIONNAME = "Shintaro Kaneko";
				TargetAttributes = {
					797D7A011A33A88000FC9C93 = {
						CreatedOnToolsVersion = 6.1;
					};
					797D7A0F1A33A98B00FC9C93 = {
						CreatedOnToolsVersion = 6.1;
					};
					797D7A331A3882C100FC9C93 = {
						CreatedOnToolsVersion = 6.1;
					};
					797D7A3E1A392FBB00FC9C93 = {
						CreatedOnToolsVersion = 6.1;
					};
					797D7A491A394C4300FC9C93 = {
						CreatedOnToolsVersion = 6.1;
					};
				};
			};
			buildConfigurationList = 797D798E1A322E4100FC9C93 /* Build configuration list for PBXProject "Algorithm#02" */;
			compatibilityVersion = "Xcode 3.2";
			developmentRegion = English;
			hasScannedForEncodings = 0;
			knownRegions = (
				en,
			);
			mainGroup = 797D798A1A322E4100FC9C93;
			productRefGroup = 797D79961A322E5B00FC9C93 /* Products */;
			projectDirPath = "";
			projectRoot = "";
			targets = (
				797D7A011A33A88000FC9C93 /* DataStructure-C */,
				797D7A0F1A33A98B00FC9C93 /* CommitStructure-C */,
				797D7A331A3882C100FC9C93 /* Lecture#02 */,
				797D7A3E1A392FBB00FC9C93 /* Fibonacci-C */,
				797D7A491A394C4300FC9C93 /* BinaryNumber-C */,
			);
		};
/* End PBXProject section */

/* Begin PBXSourcesBuildPhase section */
		797D79FE1A33A88000FC9C93 /* Sources */ = {
			isa = PBXSourcesBuildPhase;
			buildActionMask = 2147483647;
			files = (
				797D7A051A33A88000FC9C93 /* main.c in Sources */,
				797D7A2D1A35E1A200FC9C93 /* node.c in Sources */,
			);
			runOnlyForDeploymentPostprocessing = 0;
		};
		797D7A0C1A33A98B00FC9C93 /* Sources */ = {
			isa = PBXSourcesBuildPhase;
			buildActionMask = 2147483647;
			files = (
				797D7A191A33A9AB00FC9C93 /* commit.c in Sources */,
				797D7A131A33A98B00FC9C93 /* main.c in Sources */,
			);
			runOnlyForDeploymentPostprocessing = 0;
		};
		797D7A301A3882C100FC9C93 /* Sources */ = {
			isa = PBXSourcesBuildPhase;
			buildActionMask = 2147483647;
			files = (
				79A5C5831A39B73800CCF748 /* pointer_main.c in Sources */,
			);
			runOnlyForDeploymentPostprocessing = 0;
		};
		797D7A3B1A392FBB00FC9C93 /* Sources */ = {
			isa = PBXSourcesBuildPhase;
			buildActionMask = 2147483647;
			files = (
				797D7A421A392FBB00FC9C93 /* main.c in Sources */,
			);
			runOnlyForDeploymentPostprocessing = 0;
		};
		797D7A461A394C4300FC9C93 /* Sources */ = {
			isa = PBXSourcesBuildPhase;
			buildActionMask = 2147483647;
			files = (
				797D7A4D1A394C4300FC9C93 /* main.c in Sources */,
			);
			runOnlyForDeploymentPostprocessing = 0;
		};
/* End PBXSourcesBuildPhase section */

/* Begin XCBuildConfiguration section */
		797D798F1A322E4100FC9C93 /* Debug */ = {
			isa = XCBuildConfiguration;
			buildSettings = {
			};
			name = Debug;
		};
		797D79901A322E4100FC9C93 /* Release */ = {
			isa = XCBuildConfiguration;
			buildSettings = {
			};
			name = Release;
		};
		797D7A061A33A88000FC9C93 /* Debug */ = {
			isa = XCBuildConfiguration;
			buildSettings = {
				ALWAYS_SEARCH_USER_PATHS = NO;
				CLANG_CXX_LANGUAGE_STANDARD = "gnu++0x";
				CLANG_CXX_LIBRARY = "libc++";
				CLANG_ENABLE_MODULES = YES;
				CLANG_ENABLE_OBJC_ARC = YES;
				CLANG_WARN_BOOL_CONVERSION = YES;
				CLANG_WARN_CONSTANT_CONVERSION = YES;
				CLANG_WARN_DIRECT_OBJC_ISA_USAGE = YES_ERROR;
				CLANG_WARN_EMPTY_BODY = YES;
				CLANG_WARN_ENUM_CONVERSION = YES;
				CLANG_WARN_INT_CONVERSION = YES;
				CLANG_WARN_OBJC_ROOT_CLASS = YES_ERROR;
				CLANG_WARN_UNREACHABLE_CODE = YES;
				CLANG_WARN__DUPLICATE_METHOD_MATCH = YES;
				COPY_PHASE_STRIP = NO;
				ENABLE_STRICT_OBJC_MSGSEND = YES;
				GCC_C_LANGUAGE_STANDARD = gnu99;
				GCC_DYNAMIC_NO_PIC = NO;
				GCC_OPTIMIZATION_LEVEL = 0;
				GCC_PREPROCESSOR_DEFINITIONS = (
					"DEBUG=1",
					"$(inherited)",
				);
				GCC_SYMBOLS_PRIVATE_EXTERN = NO;
				GCC_WARN_64_TO_32_BIT_CONVERSION = YES;
				GCC_WARN_ABOUT_RETURN_TYPE = YES_ERROR;
				GCC_WARN_UNDECLARED_SELECTOR = YES;
				GCC_WARN_UNINITIALIZED_AUTOS = YES_AGGRESSIVE;
				GCC_WARN_UNUSED_FUNCTION = YES;
				GCC_WARN_UNUSED_VARIABLE = YES;
				MACOSX_DEPLOYMENT_TARGET = 10.10;
				MTL_ENABLE_DEBUG_INFO = YES;
				ONLY_ACTIVE_ARCH = YES;
				PRODUCT_NAME = "$(TARGET_NAME)";
				SDKROOT = macosx;
			};
			name = Debug;
		};
		797D7A071A33A88000FC9C93 /* Release */ = {
			isa = XCBuildConfiguration;
			buildSettings = {
				ALWAYS_SEARCH_USER_PATHS = NO;
				CLANG_CXX_LANGUAGE_STANDARD = "gnu++0x";
				CLANG_CXX_LIBRARY = "libc++";
				CLANG_ENABLE_MODULES = YES;
				CLANG_ENABLE_OBJC_ARC = YES;
				CLANG_WARN_BOOL_CONVERSION = YES;
				CLANG_WARN_CONSTANT_CONVERSION = YES;
				CLANG_WARN_DIRECT_OBJC_ISA_USAGE = YES_ERROR;
				CLANG_WARN_EMPTY_BODY = YES;
				CLANG_WARN_ENUM_CONVERSION = YES;
				CLANG_WARN_INT_CONVERSION = YES;
				CLANG_WARN_OBJC_ROOT_CLASS = YES_ERROR;
				CLANG_WARN_UNREACHABLE_CODE = YES;
				CLANG_WARN__DUPLICATE_METHOD_MATCH = YES;
				COPY_PHASE_STRIP = YES;
				DEBUG_INFORMATION_FORMAT = "dwarf-with-dsym";
				ENABLE_NS_ASSERTIONS = NO;
				ENABLE_STRICT_OBJC_MSGSEND = YES;
				GCC_C_LANGUAGE_STANDARD = gnu99;
				GCC_WARN_64_TO_32_BIT_CONVERSION = YES;
				GCC_WARN_ABOUT_RETURN_TYPE = YES_ERROR;
				GCC_WARN_UNDECLARED_SELECTOR = YES;
				GCC_WARN_UNINITIALIZED_AUTOS = YES_AGGRESSIVE;
				GCC_WARN_UNUSED_FUNCTION = YES;
				GCC_WARN_UNUSED_VARIABLE = YES;
				MACOSX_DEPLOYMENT_TARGET = 10.10;
				MTL_ENABLE_DEBUG_INFO = NO;
				PRODUCT_NAME = "$(TARGET_NAME)";
				SDKROOT = macosx;
			};
			name = Release;
		};
		797D7A151A33A98B00FC9C93 /* Debug */ = {
			isa = XCBuildConfiguration;
			buildSettings = {
				ALWAYS_SEARCH_USER_PATHS = NO;
				CLANG_CXX_LANGUAGE_STANDARD = "gnu++0x";
				CLANG_CXX_LIBRARY = "libc++";
				CLANG_ENABLE_MODULES = YES;
				CLANG_ENABLE_OBJC_ARC = YES;
				CLANG_WARN_BOOL_CONVERSION = YES;
				CLANG_WARN_CONSTANT_CONVERSION = YES;
				CLANG_WARN_DIRECT_OBJC_ISA_USAGE = YES_ERROR;
				CLANG_WARN_EMPTY_BODY = YES;
				CLANG_WARN_ENUM_CONVERSION = YES;
				CLANG_WARN_INT_CONVERSION = YES;
				CLANG_WARN_OBJC_ROOT_CLASS = YES_ERROR;
				CLANG_WARN_UNREACHABLE_CODE = YES;
				CLANG_WARN__DUPLICATE_METHOD_MATCH = YES;
				COPY_PHASE_STRIP = NO;
				ENABLE_STRICT_OBJC_MSGSEND = YES;
				GCC_C_LANGUAGE_STANDARD = gnu99;
				GCC_DYNAMIC_NO_PIC = NO;
				GCC_OPTIMIZATION_LEVEL = 0;
				GCC_PREPROCESSOR_DEFINITIONS = (
					"DEBUG=1",
					"$(inherited)",
				);
				GCC_SYMBOLS_PRIVATE_EXTERN = NO;
				GCC_WARN_64_TO_32_BIT_CONVERSION = YES;
				GCC_WARN_ABOUT_RETURN_TYPE = YES_ERROR;
				GCC_WARN_UNDECLARED_SELECTOR = YES;
				GCC_WARN_UNINITIALIZED_AUTOS = YES_AGGRESSIVE;
				GCC_WARN_UNUSED_FUNCTION = YES;
				GCC_WARN_UNUSED_VARIABLE = YES;
				MACOSX_DEPLOYMENT_TARGET = 10.10;
				MTL_ENABLE_DEBUG_INFO = YES;
				ONLY_ACTIVE_ARCH = YES;
				PRODUCT_NAME = "$(TARGET_NAME)";
				SDKROOT = macosx;
			};
			name = Debug;
		};
		797D7A161A33A98B00FC9C93 /* Release */ = {
			isa = XCBuildConfiguration;
			buildSettings = {
				ALWAYS_SEARCH_USER_PATHS = NO;
				CLANG_CXX_LANGUAGE_STANDARD = "gnu++0x";
				CLANG_CXX_LIBRARY = "libc++";
				CLANG_ENABLE_MODULES = YES;
				CLANG_ENABLE_OBJC_ARC = YES;
				CLANG_WARN_BOOL_CONVERSION = YES;
				CLANG_WARN_CONSTANT_CONVERSION = YES;
				CLANG_WARN_DIRECT_OBJC_ISA_USAGE = YES_ERROR;
				CLANG_WARN_EMPTY_BODY = YES;
				CLANG_WARN_ENUM_CONVERSION = YES;
				CLANG_WARN_INT_CONVERSION = YES;
				CLANG_WARN_OBJC_ROOT_CLASS = YES_ERROR;
				CLANG_WARN_UNREACHABLE_CODE = YES;
				CLANG_WARN__DUPLICATE_METHOD_MATCH = YES;
				COPY_PHASE_STRIP = YES;
				DEBUG_INFORMATION_FORMAT = "dwarf-with-dsym";
				ENABLE_NS_ASSERTIONS = NO;
				ENABLE_STRICT_OBJC_MSGSEND = YES;
				GCC_C_LANGUAGE_STANDARD = gnu99;
				GCC_WARN_64_TO_32_BIT_CONVERSION = YES;
				GCC_WARN_ABOUT_RETURN_TYPE = YES_ERROR;
				GCC_WARN_UNDECLARED_SELECTOR = YES;
				GCC_WARN_UNINITIALIZED_AUTOS = YES_AGGRESSIVE;
				GCC_WARN_UNUSED_FUNCTION = YES;
				GCC_WARN_UNUSED_VARIABLE = YES;
				MACOSX_DEPLOYMENT_TARGET = 10.10;
				MTL_ENABLE_DEBUG_INFO = NO;
				PRODUCT_NAME = "$(TARGET_NAME)";
				SDKROOT = macosx;
			};
			name = Release;
		};
		797D7A391A3882C100FC9C93 /* Debug */ = {
			isa = XCBuildConfiguration;
			buildSettings = {
				ALWAYS_SEARCH_USER_PATHS = NO;
				CLANG_CXX_LANGUAGE_STANDARD = "gnu++0x";
				CLANG_CXX_LIBRARY = "libc++";
				CLANG_ENABLE_MODULES = YES;
				CLANG_ENABLE_OBJC_ARC = YES;
				CLANG_WARN_BOOL_CONVERSION = YES;
				CLANG_WARN_CONSTANT_CONVERSION = YES;
				CLANG_WARN_DIRECT_OBJC_ISA_USAGE = YES_ERROR;
				CLANG_WARN_EMPTY_BODY = YES;
				CLANG_WARN_ENUM_CONVERSION = YES;
				CLANG_WARN_INT_CONVERSION = YES;
				CLANG_WARN_OBJC_ROOT_CLASS = YES_ERROR;
				CLANG_WARN_UNREACHABLE_CODE = YES;
				CLANG_WARN__DUPLICATE_METHOD_MATCH = YES;
				COPY_PHASE_STRIP = NO;
				ENABLE_STRICT_OBJC_MSGSEND = YES;
				GCC_C_LANGUAGE_STANDARD = gnu99;
				GCC_DYNAMIC_NO_PIC = NO;
				GCC_OPTIMIZATION_LEVEL = 0;
				GCC_PREPROCESSOR_DEFINITIONS = (
					"DEBUG=1",
					"$(inherited)",
				);
				GCC_SYMBOLS_PRIVATE_EXTERN = NO;
				GCC_WARN_64_TO_32_BIT_CONVERSION = YES;
				GCC_WARN_ABOUT_RETURN_TYPE = YES_ERROR;
				GCC_WARN_UNDECLARED_SELECTOR = YES;
				GCC_WARN_UNINITIALIZED_AUTOS = YES_AGGRESSIVE;
				GCC_WARN_UNUSED_FUNCTION = YES;
				GCC_WARN_UNUSED_VARIABLE = YES;
				MACOSX_DEPLOYMENT_TARGET = 10.10;
				MTL_ENABLE_DEBUG_INFO = YES;
				ONLY_ACTIVE_ARCH = YES;
				PRODUCT_NAME = "$(TARGET_NAME)";
				SDKROOT = macosx;
			};
			name = Debug;
		};
		797D7A3A1A3882C100FC9C93 /* Release */ = {
			isa = XCBuildConfiguration;
			buildSettings = {
				ALWAYS_SEARCH_USER_PATHS = NO;
				CLANG_CXX_LANGUAGE_STANDARD = "gnu++0x";
				CLANG_CXX_LIBRARY = "libc++";
				CLANG_ENABLE_MODULES = YES;
				CLANG_ENABLE_OBJC_ARC = YES;
				CLANG_WARN_BOOL_CONVERSION = YES;
				CLANG_WARN_CONSTANT_CONVERSION = YES;
				CLANG_WARN_DIRECT_OBJC_ISA_USAGE = YES_ERROR;
				CLANG_WARN_EMPTY_BODY = YES;
				CLANG_WARN_ENUM_CONVERSION = YES;
				CLANG_WARN_INT_CONVERSION = YES;
				CLANG_WARN_OBJC_ROOT_CLASS = YES_ERROR;
				CLANG_WARN_UNREACHABLE_CODE = YES;
				CLANG_WARN__DUPLICATE_METHOD_MATCH = YES;
				COPY_PHASE_STRIP = YES;
				DEBUG_INFORMATION_FORMAT = "dwarf-with-dsym";
				ENABLE_NS_ASSERTIONS = NO;
				ENABLE_STRICT_OBJC_MSGSEND = YES;
				GCC_C_LANGUAGE_STANDARD = gnu99;
				GCC_WARN_64_TO_32_BIT_CONVERSION = YES;
				GCC_WARN_ABOUT_RETURN_TYPE = YES_ERROR;
				GCC_WARN_UNDECLARED_SELECTOR = YES;
				GCC_WARN_UNINITIALIZED_AUTOS = YES_AGGRESSIVE;
				GCC_WARN_UNUSED_FUNCTION = YES;
				GCC_WARN_UNUSED_VARIABLE = YES;
				MACOSX_DEPLOYMENT_TARGET = 10.10;
				MTL_ENABLE_DEBUG_INFO = NO;
				PRODUCT_NAME = "$(TARGET_NAME)";
				SDKROOT = macosx;
			};
			name = Release;
		};
		797D7A441A392FBB00FC9C93 /* Debug */ = {
			isa = XCBuildConfiguration;
			buildSettings = {
				ALWAYS_SEARCH_USER_PATHS = NO;
				CLANG_CXX_LANGUAGE_STANDARD = "gnu++0x";
				CLANG_CXX_LIBRARY = "libc++";
				CLANG_ENABLE_MODULES = YES;
				CLANG_ENABLE_OBJC_ARC = YES;
				CLANG_WARN_BOOL_CONVERSION = YES;
				CLANG_WARN_CONSTANT_CONVERSION = YES;
				CLANG_WARN_DIRECT_OBJC_ISA_USAGE = YES_ERROR;
				CLANG_WARN_EMPTY_BODY = YES;
				CLANG_WARN_ENUM_CONVERSION = YES;
				CLANG_WARN_INT_CONVERSION = YES;
				CLANG_WARN_OBJC_ROOT_CLASS = YES_ERROR;
				CLANG_WARN_UNREACHABLE_CODE = YES;
				CLANG_WARN__DUPLICATE_METHOD_MATCH = YES;
				COPY_PHASE_STRIP = NO;
				ENABLE_STRICT_OBJC_MSGSEND = YES;
				GCC_C_LANGUAGE_STANDARD = gnu99;
				GCC_DYNAMIC_NO_PIC = NO;
				GCC_OPTIMIZATION_LEVEL = 0;
				GCC_PREPROCESSOR_DEFINITIONS = (
					"DEBUG=1",
					"$(inherited)",
				);
				GCC_SYMBOLS_PRIVATE_EXTERN = NO;
				GCC_WARN_64_TO_32_BIT_CONVERSION = YES;
				GCC_WARN_ABOUT_RETURN_TYPE = YES_ERROR;
				GCC_WARN_UNDECLARED_SELECTOR = YES;
				GCC_WARN_UNINITIALIZED_AUTOS = YES_AGGRESSIVE;
				GCC_WARN_UNUSED_FUNCTION = YES;
				GCC_WARN_UNUSED_VARIABLE = YES;
				MACOSX_DEPLOYMENT_TARGET = 10.10;
				MTL_ENABLE_DEBUG_INFO = YES;
				ONLY_ACTIVE_ARCH = YES;
				PRODUCT_NAME = "$(TARGET_NAME)";
				SDKROOT = macosx;
			};
			name = Debug;
		};
		797D7A451A392FBB00FC9C93 /* Release */ = {
			isa = XCBuildConfiguration;
			buildSettings = {
				ALWAYS_SEARCH_USER_PATHS = NO;
				CLANG_CXX_LANGUAGE_STANDARD = "gnu++0x";
				CLANG_CXX_LIBRARY = "libc++";
				CLANG_ENABLE_MODULES = YES;
				CLANG_ENABLE_OBJC_ARC = YES;
				CLANG_WARN_BOOL_CONVERSION = YES;
				CLANG_WARN_CONSTANT_CONVERSION = YES;
				CLANG_WARN_DIRECT_OBJC_ISA_USAGE = YES_ERROR;
				CLANG_WARN_EMPTY_BODY = YES;
				CLANG_WARN_ENUM_CONVERSION = YES;
				CLANG_WARN_INT_CONVERSION = YES;
				CLANG_WARN_OBJC_ROOT_CLASS = YES_ERROR;
				CLANG_WARN_UNREACHABLE_CODE = YES;
				CLANG_WARN__DUPLICATE_METHOD_MATCH = YES;
				COPY_PHASE_STRIP = YES;
				DEBUG_INFORMATION_FORMAT = "dwarf-with-dsym";
				ENABLE_NS_ASSERTIONS = NO;
				ENABLE_STRICT_OBJC_MSGSEND = YES;
				GCC_C_LANGUAGE_STANDARD = gnu99;
				GCC_WARN_64_TO_32_BIT_CONVERSION = YES;
				GCC_WARN_ABOUT_RETURN_TYPE = YES_ERROR;
				GCC_WARN_UNDECLARED_SELECTOR = YES;
				GCC_WARN_UNINITIALIZED_AUTOS = YES_AGGRESSIVE;
				GCC_WARN_UNUSED_FUNCTION = YES;
				GCC_WARN_UNUSED_VARIABLE = YES;
				MACOSX_DEPLOYMENT_TARGET = 10.10;
				MTL_ENABLE_DEBUG_INFO = NO;
				PRODUCT_NAME = "$(TARGET_NAME)";
				SDKROOT = macosx;
			};
			name = Release;
		};
		797D7A4F1A394C4300FC9C93 /* Debug */ = {
			isa = XCBuildConfiguration;
			buildSettings = {
				ALWAYS_SEARCH_USER_PATHS = NO;
				CLANG_CXX_LANGUAGE_STANDARD = "gnu++0x";
				CLANG_CXX_LIBRARY = "libc++";
				CLANG_ENABLE_MODULES = YES;
				CLANG_ENABLE_OBJC_ARC = YES;
				CLANG_WARN_BOOL_CONVERSION = YES;
				CLANG_WARN_CONSTANT_CONVERSION = YES;
				CLANG_WARN_DIRECT_OBJC_ISA_USAGE = YES_ERROR;
				CLANG_WARN_EMPTY_BODY = YES;
				CLANG_WARN_ENUM_CONVERSION = YES;
				CLANG_WARN_INT_CONVERSION = YES;
				CLANG_WARN_OBJC_ROOT_CLASS = YES_ERROR;
				CLANG_WARN_UNREACHABLE_CODE = YES;
				CLANG_WARN__DUPLICATE_METHOD_MATCH = YES;
				COPY_PHASE_STRIP = NO;
				ENABLE_STRICT_OBJC_MSGSEND = YES;
				GCC_C_LANGUAGE_STANDARD = gnu99;
				GCC_DYNAMIC_NO_PIC = NO;
				GCC_OPTIMIZATION_LEVEL = 0;
				GCC_PREPROCESSOR_DEFINITIONS = (
					"DEBUG=1",
					"$(inherited)",
				);
				GCC_SYMBOLS_PRIVATE_EXTERN = NO;
				GCC_WARN_64_TO_32_BIT_CONVERSION = YES;
				GCC_WARN_ABOUT_RETURN_TYPE = YES_ERROR;
				GCC_WARN_UNDECLARED_SELECTOR = YES;
				GCC_WARN_UNINITIALIZED_AUTOS = YES_AGGRESSIVE;
				GCC_WARN_UNUSED_FUNCTION = YES;
				GCC_WARN_UNUSED_VARIABLE = YES;
				MACOSX_DEPLOYMENT_TARGET = 10.10;
				MTL_ENABLE_DEBUG_INFO = YES;
				ONLY_ACTIVE_ARCH = YES;
				PRODUCT_NAME = "$(TARGET_NAME)";
				SDKROOT = macosx;
			};
			name = Debug;
		};
		797D7A501A394C4300FC9C93 /* Release */ = {
			isa = XCBuildConfiguration;
			buildSettings = {
				ALWAYS_SEARCH_USER_PATHS = NO;
				CLANG_CXX_LANGUAGE_STANDARD = "gnu++0x";
				CLANG_CXX_LIBRARY = "libc++";
				CLANG_ENABLE_MODULES = YES;
				CLANG_ENABLE_OBJC_ARC = YES;
				CLANG_WARN_BOOL_CONVERSION = YES;
				CLANG_WARN_CONSTANT_CONVERSION = YES;
				CLANG_WARN_DIRECT_OBJC_ISA_USAGE = YES_ERROR;
				CLANG_WARN_EMPTY_BODY = YES;
				CLANG_WARN_ENUM_CONVERSION = YES;
				CLANG_WARN_INT_CONVERSION = YES;
				CLANG_WARN_OBJC_ROOT_CLASS = YES_ERROR;
				CLANG_WARN_UNREACHABLE_CODE = YES;
				CLANG_WARN__DUPLICATE_METHOD_MATCH = YES;
				COPY_PHASE_STRIP = YES;
				DEBUG_INFORMATION_FORMAT = "dwarf-with-dsym";
				ENABLE_NS_ASSERTIONS = NO;
				ENABLE_STRICT_OBJC_MSGSEND = YES;
				GCC_C_LANGUAGE_STANDARD = gnu99;
				GCC_WARN_64_TO_32_BIT_CONVERSION = YES;
				GCC_WARN_ABOUT_RETURN_TYPE = YES_ERROR;
				GCC_WARN_UNDECLARED_SELECTOR = YES;
				GCC_WARN_UNINITIALIZED_AUTOS = YES_AGGRESSIVE;
				GCC_WARN_UNUSED_FUNCTION = YES;
				GCC_WARN_UNUSED_VARIABLE = YES;
				MACOSX_DEPLOYMENT_TARGET = 10.10;
				MTL_ENABLE_DEBUG_INFO = NO;
				PRODUCT_NAME = "$(TARGET_NAME)";
				SDKROOT = macosx;
			};
			name = Release;
		};
/* End XCBuildConfiguration section */

/* Begin XCConfigurationList section */
		797D798E1A322E4100FC9C93 /* Build configuration list for PBXProject "Algorithm#02" */ = {
			isa = XCConfigurationList;
			buildConfigurations = (
				797D798F1A322E4100FC9C93 /* Debug */,
				797D79901A322E4100FC9C93 /* Release */,
			);
			defaultConfigurationIsVisible = 0;
			defaultConfigurationName = Release;
		};
		797D7A081A33A88000FC9C93 /* Build configuration list for PBXNativeTarget "DataStructure-C" */ = {
			isa = XCConfigurationList;
			buildConfigurations = (
				797D7A061A33A88000FC9C93 /* Debug */,
				797D7A071A33A88000FC9C93 /* Release */,
			);
			defaultConfigurationIsVisible = 0;
			defaultConfigurationName = Release;
		};
		797D7A141A33A98B00FC9C93 /* Build configuration list for PBXNativeTarget "CommitStructure-C" */ = {
			isa = XCConfigurationList;
			buildConfigurations = (
				797D7A151A33A98B00FC9C93 /* Debug */,
				797D7A161A33A98B00FC9C93 /* Release */,
			);
			defaultConfigurationIsVisible = 0;
			defaultConfigurationName = Release;
		};
		797D7A381A3882C100FC9C93 /* Build configuration list for PBXNativeTarget "Lecture#02" */ = {
			isa = XCConfigurationList;
			buildConfigurations = (
				797D7A391A3882C100FC9C93 /* Debug */,
				797D7A3A1A3882C100FC9C93 /* Release */,
			);
			defaultConfigurationIsVisible = 0;
			defaultConfigurationName = Release;
		};
		797D7A431A392FBB00FC9C93 /* Build configuration list for PBXNativeTarget "Fibonacci-C" */ = {
			isa = XCConfigurationList;
			buildConfigurations = (
				797D7A441A392FBB00FC9C93 /* Debug */,
				797D7A451A392FBB00FC9C93 /* Release */,
			);
			defaultConfigurationIsVisible = 0;
			defaultConfigurationName = Release;
		};
		797D7A4E1A394C4300FC9C93 /* Build configuration list for PBXNativeTarget "BinaryNumber-C" */ = {
			isa = XCConfigurationList;
			buildConfigurations = (
				797D7A4F1A394C4300FC9C93 /* Debug */,
				797D7A501A394C4300FC9C93 /* Release */,
			);
			defaultConfigurationIsVisible = 0;
			defaultConfigurationName = Release;
		};
/* End XCConfigurationList section */
	};
	rootObject = 797D798B1A322E4100FC9C93 /* Project object */;
}
